{
  "originHash" : "09b08963887ce6eac26952e8acb25256a8ec102f2b5528ae68a97fa296723712",
  "pins" : [
    {
      "identity" : "swift-snapshot-testing",
      "kind" : "remoteSourceControl",
      "location" : "https://github.com/pointfreeco/swift-snapshot-testing",
      "state" : {
        "branch" : "main",
        "revision" : "837238a091f56d935469d4fdadc23fef9bb7e2d1"
      }
    },
    {
      "identity" : "swift-syntax",
      "kind" : "remoteSourceControl",
      "location" : "https://github.com/apple/swift-syntax",
      "state" : {
        "revision" : "303e5c5c36d6a558407d364878df131c3546fad8",
        "version" : "510.0.2"
      }
    }
  ],
  "version" : 3
}
