// !$*UTF8*$!
{
	archiveVersion = 1;
	classes = {
	};
	objectVersion = 56;
	objects = {

/* Begin PBXBuildFile section */
		4F26E0982BF8CCB700062FE0 /* EmojiAndColorCellView.swift in Sources */ = {isa = PBXBuildFile; fileRef = 4F26E0972BF8CCB700062FE0 /* EmojiAndColorCellView.swift */; };
		4F26E09A2BF8CCDC00062FE0 /* EmojiAndColorHeaderView.swift in Sources */ = {isa = PBXBuildFile; fileRef = 4F26E0992BF8CCDC00062FE0 /* EmojiAndColorHeaderView.swift */; };
		4F26E09D2BF8EFD100062FE0 /* TrackerModel.xcdatamodeld in Sources */ = {isa = PBXBuildFile; fileRef = 4F26E09B2BF8EFD100062FE0 /* TrackerModel.xcdatamodeld */; };
		4F26E0A02BF8F61100062FE0 /* NSPersistentContainer.swift in Sources */ = {isa = PBXBuildFile; fileRef = 4F26E09F2BF8F61100062FE0 /* NSPersistentContainer.swift */; };
		4F26E0A22BF8F99400062FE0 /* TrackerStore.swift in Sources */ = {isa = PBXBuildFile; fileRef = 4F26E0A12BF8F99400062FE0 /* TrackerStore.swift */; };
		4F26E0A42BF8F9AD00062FE0 /* TrackerCategoryStore.swift in Sources */ = {isa = PBXBuildFile; fileRef = 4F26E0A32BF8F9AD00062FE0 /* TrackerCategoryStore.swift */; };
		4F26E0A62BF8F9BF00062FE0 /* TrackerRecordStore.swift in Sources */ = {isa = PBXBuildFile; fileRef = 4F26E0A52BF8F9BF00062FE0 /* TrackerRecordStore.swift */; };
		4F26E0A82BFB9B1F00062FE0 /* UIColorMarshalling.swift in Sources */ = {isa = PBXBuildFile; fileRef = 4F26E0A72BFB9B1F00062FE0 /* UIColorMarshalling.swift */; };
		4F26E0AC2BFBD47800062FE0 /* DaysValueTransformer.swift in Sources */ = {isa = PBXBuildFile; fileRef = 4F26E0AB2BFBD47800062FE0 /* DaysValueTransformer.swift */; };
		4F3C6BC72C00783B0026CA64 /* OnboardingViewController.swift in Sources */ = {isa = PBXBuildFile; fileRef = 4F3C6BC62C00783B0026CA64 /* OnboardingViewController.swift */; };
		4F3C6BC92C007F010026CA64 /* OnboardingPageViewController.swift in Sources */ = {isa = PBXBuildFile; fileRef = 4F3C6BC82C007F010026CA64 /* OnboardingPageViewController.swift */; };
		4F3C6BCC2C00EA520026CA64 /* TrackerCategoryCreationViewController.swift in Sources */ = {isa = PBXBuildFile; fileRef = 4F3C6BCB2C00EA520026CA64 /* TrackerCategoryCreationViewController.swift */; };
		4F3C6BD02C00EB8F0026CA64 /* CategoryViewModel.swift in Sources */ = {isa = PBXBuildFile; fileRef = 4F3C6BCF2C00EB8F0026CA64 /* CategoryViewModel.swift */; };
		4F3C6BD32C0287260026CA64 /* UserDefaultsStorage.swift in Sources */ = {isa = PBXBuildFile; fileRef = 4F3C6BD22C0287260026CA64 /* UserDefaultsStorage.swift */; };
		4FB897342BBF276800D65F2E /* AppDelegate.swift in Sources */ = {isa = PBXBuildFile; fileRef = 4FB897332BBF276800D65F2E /* AppDelegate.swift */; };
		4FB897362BBF276800D65F2E /* SceneDelegate.swift in Sources */ = {isa = PBXBuildFile; fileRef = 4FB897352BBF276800D65F2E /* SceneDelegate.swift */; };
		4FB897382BBF276800D65F2E /* TrackersViewController.swift in Sources */ = {isa = PBXBuildFile; fileRef = 4FB897372BBF276800D65F2E /* TrackersViewController.swift */; };
		4FB8973D2BBF276900D65F2E /* Assets.xcassets in Resources */ = {isa = PBXBuildFile; fileRef = 4FB8973C2BBF276900D65F2E /* Assets.xcassets */; };
		4FB897402BBF276900D65F2E /* Base in Resources */ = {isa = PBXBuildFile; fileRef = 4FB8973F2BBF276900D65F2E /* Base */; };
		4FB8974B2BBF383F00D65F2E /* StatisticViewController.swift in Sources */ = {isa = PBXBuildFile; fileRef = 4FB8974A2BBF383F00D65F2E /* StatisticViewController.swift */; };
		4FB8974D2BBF38BD00D65F2E /* TabBarController.swift in Sources */ = {isa = PBXBuildFile; fileRef = 4FB8974C2BBF38BD00D65F2E /* TabBarController.swift */; };
		4FC52ACA2BDFFB700052B4CF /* Tracker.swift in Sources */ = {isa = PBXBuildFile; fileRef = 4FC52AC92BDFFB700052B4CF /* Tracker.swift */; };
		4FC52ACC2BDFFCF50052B4CF /* TrackerCategory.swift in Sources */ = {isa = PBXBuildFile; fileRef = 4FC52ACB2BDFFCF50052B4CF /* TrackerCategory.swift */; };
		4FC52ACE2BDFFDAF0052B4CF /* TrackerRecord.swift in Sources */ = {isa = PBXBuildFile; fileRef = 4FC52ACD2BDFFDAF0052B4CF /* TrackerRecord.swift */; };
		4FC52AD02BE005750052B4CF /* TrackerCreationViewController.swift in Sources */ = {isa = PBXBuildFile; fileRef = 4FC52ACF2BE005750052B4CF /* TrackerCreationViewController.swift */; };
		4FC52AD22BE026730052B4CF /* TrackerCreationSetupViewController.swift in Sources */ = {isa = PBXBuildFile; fileRef = 4FC52AD12BE026730052B4CF /* TrackerCreationSetupViewController.swift */; };
		4FC52AD52BE044C00052B4CF /* TrackerCellView.swift in Sources */ = {isa = PBXBuildFile; fileRef = 4FC52AD42BE044C00052B4CF /* TrackerCellView.swift */; };
		4FC52AD72BE045D30052B4CF /* TrackerHeaderView.swift in Sources */ = {isa = PBXBuildFile; fileRef = 4FC52AD62BE045D30052B4CF /* TrackerHeaderView.swift */; };
		4FC52AE02BE2668A0052B4CF /* TrackerCategoryChoiceAndCreationViewController.swift in Sources */ = {isa = PBXBuildFile; fileRef = 4FC52ADF2BE2668A0052B4CF /* TrackerCategoryChoiceAndCreationViewController.swift */; };
		4FC52AE22BE26A730052B4CF /* ViewConfigurationConstants.swift in Sources */ = {isa = PBXBuildFile; fileRef = 4FC52AE12BE26A730052B4CF /* ViewConfigurationConstants.swift */; };
		4FC52AE42BE26E8A0052B4CF /* TrackerScheduleViewController.swift in Sources */ = {isa = PBXBuildFile; fileRef = 4FC52AE32BE26E8A0052B4CF /* TrackerScheduleViewController.swift */; };
		4FC52AE62BE504020052B4CF /* WeekDay.swift in Sources */ = {isa = PBXBuildFile; fileRef = 4FC52AE52BE504020052B4CF /* WeekDay.swift */; };
/* End PBXBuildFile section */

/* Begin PBXFileReference section */
		4F26E0972BF8CCB700062FE0 /* EmojiAndColorCellView.swift */ = {isa = PBXFileReference; lastKnownFileType = sourcecode.swift; path = EmojiAndColorCellView.swift; sourceTree = "<group>"; };
		4F26E0992BF8CCDC00062FE0 /* EmojiAndColorHeaderView.swift */ = {isa = PBXFileReference; lastKnownFileType = sourcecode.swift; path = EmojiAndColorHeaderView.swift; sourceTree = "<group>"; };
		4F26E09C2BF8EFD100062FE0 /* TrackerModel.xcdatamodel */ = {isa = PBXFileReference; lastKnownFileType = wrapper.xcdatamodel; path = TrackerModel.xcdatamodel; sourceTree = "<group>"; };
		4F26E09F2BF8F61100062FE0 /* NSPersistentContainer.swift */ = {isa = PBXFileReference; lastKnownFileType = sourcecode.swift; path = NSPersistentContainer.swift; sourceTree = "<group>"; };
		4F26E0A12BF8F99400062FE0 /* TrackerStore.swift */ = {isa = PBXFileReference; lastKnownFileType = sourcecode.swift; path = TrackerStore.swift; sourceTree = "<group>"; };
		4F26E0A32BF8F9AD00062FE0 /* TrackerCategoryStore.swift */ = {isa = PBXFileReference; lastKnownFileType = sourcecode.swift; path = TrackerCategoryStore.swift; sourceTree = "<group>"; };
		4F26E0A52BF8F9BF00062FE0 /* TrackerRecordStore.swift */ = {isa = PBXFileReference; lastKnownFileType = sourcecode.swift; path = TrackerRecordStore.swift; sourceTree = "<group>"; };
		4F26E0A72BFB9B1F00062FE0 /* UIColorMarshalling.swift */ = {isa = PBXFileReference; lastKnownFileType = sourcecode.swift; path = UIColorMarshalling.swift; sourceTree = "<group>"; };
		4F26E0AB2BFBD47800062FE0 /* DaysValueTransformer.swift */ = {isa = PBXFileReference; lastKnownFileType = sourcecode.swift; path = DaysValueTransformer.swift; sourceTree = "<group>"; };
		4F3C6BC62C00783B0026CA64 /* OnboardingViewController.swift */ = {isa = PBXFileReference; lastKnownFileType = sourcecode.swift; path = OnboardingViewController.swift; sourceTree = "<group>"; };
		4F3C6BC82C007F010026CA64 /* OnboardingPageViewController.swift */ = {isa = PBXFileReference; lastKnownFileType = sourcecode.swift; path = OnboardingPageViewController.swift; sourceTree = "<group>"; };
		4F3C6BCB2C00EA520026CA64 /* TrackerCategoryCreationViewController.swift */ = {isa = PBXFileReference; lastKnownFileType = sourcecode.swift; path = TrackerCategoryCreationViewController.swift; sourceTree = "<group>"; };
		4F3C6BCF2C00EB8F0026CA64 /* CategoryViewModel.swift */ = {isa = PBXFileReference; lastKnownFileType = sourcecode.swift; path = CategoryViewModel.swift; sourceTree = "<group>"; };
		4F3C6BD22C0287260026CA64 /* UserDefaultsStorage.swift */ = {isa = PBXFileReference; lastKnownFileType = sourcecode.swift; path = UserDefaultsStorage.swift; sourceTree = "<group>"; };
		4FB897302BBF276800D65F2E /* Tracker.app */ = {isa = PBXFileReference; explicitFileType = wrapper.application; includeInIndex = 0; path = Tracker.app; sourceTree = BUILT_PRODUCTS_DIR; };
		4FB897332BBF276800D65F2E /* AppDelegate.swift */ = {isa = PBXFileReference; lastKnownFileType = sourcecode.swift; path = AppDelegate.swift; sourceTree = "<group>"; };
		4FB897352BBF276800D65F2E /* SceneDelegate.swift */ = {isa = PBXFileReference; lastKnownFileType = sourcecode.swift; path = SceneDelegate.swift; sourceTree = "<group>"; };
		4FB897372BBF276800D65F2E /* TrackersViewController.swift */ = {isa = PBXFileReference; lastKnownFileType = sourcecode.swift; path = TrackersViewController.swift; sourceTree = "<group>"; };
		4FB8973C2BBF276900D65F2E /* Assets.xcassets */ = {isa = PBXFileReference; lastKnownFileType = folder.assetcatalog; path = Assets.xcassets; sourceTree = "<group>"; };
		4FB8973F2BBF276900D65F2E /* Base */ = {isa = PBXFileReference; lastKnownFileType = file.storyboard; name = Base; path = Base.lproj/LaunchScreen.storyboard; sourceTree = "<group>"; };
		4FB897412BBF276900D65F2E /* Info.plist */ = {isa = PBXFileReference; lastKnownFileType = text.plist.xml; path = Info.plist; sourceTree = "<group>"; };
		4FB8974A2BBF383F00D65F2E /* StatisticViewController.swift */ = {isa = PBXFileReference; lastKnownFileType = sourcecode.swift; path = StatisticViewController.swift; sourceTree = "<group>"; };
		4FB8974C2BBF38BD00D65F2E /* TabBarController.swift */ = {isa = PBXFileReference; lastKnownFileType = sourcecode.swift; path = TabBarController.swift; sourceTree = "<group>"; };
		4FC52AC92BDFFB700052B4CF /* Tracker.swift */ = {isa = PBXFileReference; lastKnownFileType = sourcecode.swift; path = Tracker.swift; sourceTree = "<group>"; };
		4FC52ACB2BDFFCF50052B4CF /* TrackerCategory.swift */ = {isa = PBXFileReference; lastKnownFileType = sourcecode.swift; path = TrackerCategory.swift; sourceTree = "<group>"; };
		4FC52ACD2BDFFDAF0052B4CF /* TrackerRecord.swift */ = {isa = PBXFileReference; lastKnownFileType = sourcecode.swift; path = TrackerRecord.swift; sourceTree = "<group>"; };
		4FC52ACF2BE005750052B4CF /* TrackerCreationViewController.swift */ = {isa = PBXFileReference; lastKnownFileType = sourcecode.swift; path = TrackerCreationViewController.swift; sourceTree = "<group>"; };
		4FC52AD12BE026730052B4CF /* TrackerCreationSetupViewController.swift */ = {isa = PBXFileReference; lastKnownFileType = sourcecode.swift; path = TrackerCreationSetupViewController.swift; sourceTree = "<group>"; };
		4FC52AD42BE044C00052B4CF /* TrackerCellView.swift */ = {isa = PBXFileReference; lastKnownFileType = sourcecode.swift; path = TrackerCellView.swift; sourceTree = "<group>"; };
		4FC52AD62BE045D30052B4CF /* TrackerHeaderView.swift */ = {isa = PBXFileReference; lastKnownFileType = sourcecode.swift; path = TrackerHeaderView.swift; sourceTree = "<group>"; };
		4FC52ADF2BE2668A0052B4CF /* TrackerCategoryChoiceAndCreationViewController.swift */ = {isa = PBXFileReference; lastKnownFileType = sourcecode.swift; path = TrackerCategoryChoiceAndCreationViewController.swift; sourceTree = "<group>"; };
		4FC52AE12BE26A730052B4CF /* ViewConfigurationConstants.swift */ = {isa = PBXFileReference; lastKnownFileType = sourcecode.swift; path = ViewConfigurationConstants.swift; sourceTree = "<group>"; };
		4FC52AE32BE26E8A0052B4CF /* TrackerScheduleViewController.swift */ = {isa = PBXFileReference; lastKnownFileType = sourcecode.swift; path = TrackerScheduleViewController.swift; sourceTree = "<group>"; };
		4FC52AE52BE504020052B4CF /* WeekDay.swift */ = {isa = PBXFileReference; lastKnownFileType = sourcecode.swift; path = WeekDay.swift; sourceTree = "<group>"; };
/* End PBXFileReference section */

/* Begin PBXFrameworksBuildPhase section */
		4FB8972D2BBF276800D65F2E /* Frameworks */ = {
			isa = PBXFrameworksBuildPhase;
			buildActionMask = 2147483647;
			files = (
			);
			runOnlyForDeploymentPostprocessing = 0;
		};
/* End PBXFrameworksBuildPhase section */

/* Begin PBXGroup section */
		4F26E09E2BF8F33100062FE0 /* CoreData */ = {
			isa = PBXGroup;
			children = (
				4F26E09B2BF8EFD100062FE0 /* TrackerModel.xcdatamodeld */,
				4F26E0A12BF8F99400062FE0 /* TrackerStore.swift */,
				4F26E0A32BF8F9AD00062FE0 /* TrackerCategoryStore.swift */,
				4F26E0A52BF8F9BF00062FE0 /* TrackerRecordStore.swift */,
				4F26E09F2BF8F61100062FE0 /* NSPersistentContainer.swift */,
				4F26E0A72BFB9B1F00062FE0 /* UIColorMarshalling.swift */,
				4F26E0AB2BFBD47800062FE0 /* DaysValueTransformer.swift */,
			);
			path = CoreData;
			sourceTree = "<group>";
		};
		4F3C6BC52C0077B00026CA64 /* Onboarding */ = {
			isa = PBXGroup;
			children = (
				4F3C6BC62C00783B0026CA64 /* OnboardingViewController.swift */,
				4F3C6BC82C007F010026CA64 /* OnboardingPageViewController.swift */,
			);
			path = Onboarding;
			sourceTree = "<group>";
		};
		4F3C6BCD2C00EB0A0026CA64 /* TrackerSchedule */ = {
			isa = PBXGroup;
			children = (
				4FC52AE32BE26E8A0052B4CF /* TrackerScheduleViewController.swift */,
			);
			path = TrackerSchedule;
			sourceTree = "<group>";
		};
		4F3C6BCE2C00EB220026CA64 /* TrackerCategory */ = {
			isa = PBXGroup;
			children = (
				4FC52ADF2BE2668A0052B4CF /* TrackerCategoryChoiceAndCreationViewController.swift */,
				4F3C6BCB2C00EA520026CA64 /* TrackerCategoryCreationViewController.swift */,
				4F3C6BCF2C00EB8F0026CA64 /* CategoryViewModel.swift */,
			);
			path = TrackerCategory;
			sourceTree = "<group>";
		};
		4F3C6BD12C02867A0026CA64 /* Configuration */ = {
			isa = PBXGroup;
			children = (
				4FC52AE12BE26A730052B4CF /* ViewConfigurationConstants.swift */,
				4F3C6BD22C0287260026CA64 /* UserDefaultsStorage.swift */,
			);
			path = Configuration;
			sourceTree = "<group>";
		};
		4FB897272BBF276800D65F2E = {
			isa = PBXGroup;
			children = (
				4FB897322BBF276800D65F2E /* Tracker */,
				4FB897312BBF276800D65F2E /* Products */,
			);
			sourceTree = "<group>";
		};
		4FB897312BBF276800D65F2E /* Products */ = {
			isa = PBXGroup;
			children = (
				4FB897302BBF276800D65F2E /* Tracker.app */,
			);
			name = Products;
			sourceTree = "<group>";
		};
		4FB897322BBF276800D65F2E /* Tracker */ = {
			isa = PBXGroup;
			children = (
				4FB897332BBF276800D65F2E /* AppDelegate.swift */,
				4FB897352BBF276800D65F2E /* SceneDelegate.swift */,
				4F3C6BC52C0077B00026CA64 /* Onboarding */,
				4FB897492BBF381D00D65F2E /* TabBarController */,
				4FB897472BBF373200D65F2E /* Trackers */,
				4FB897482BBF374500D65F2E /* Statistic */,
				4FC52AC82BDFFB5C0052B4CF /* Models */,
				4F26E09E2BF8F33100062FE0 /* CoreData */,
				4F3C6BD12C02867A0026CA64 /* Configuration */,
				4FB8973E2BBF276900D65F2E /* LaunchScreen.storyboard */,
				4FB8973C2BBF276900D65F2E /* Assets.xcassets */,
				4FB897412BBF276900D65F2E /* Info.plist */,
			);
			path = Tracker;
			sourceTree = "<group>";
		};
		4FB897472BBF373200D65F2E /* Trackers */ = {
			isa = PBXGroup;
			children = (
				4FC52AD32BE02F1E0052B4CF /* TrackerCreation */,
				4FB897372BBF276800D65F2E /* TrackersViewController.swift */,
				4FC52AD42BE044C00052B4CF /* TrackerCellView.swift */,
				4FC52AD62BE045D30052B4CF /* TrackerHeaderView.swift */,
			);
			path = Trackers;
			sourceTree = "<group>";
		};
		4FB897482BBF374500D65F2E /* Statistic */ = {
			isa = PBXGroup;
			children = (
				4FB8974A2BBF383F00D65F2E /* StatisticViewController.swift */,
			);
			path = Statistic;
			sourceTree = "<group>";
		};
		4FB897492BBF381D00D65F2E /* TabBarController */ = {
			isa = PBXGroup;
			children = (
				4FB8974C2BBF38BD00D65F2E /* TabBarController.swift */,
			);
			path = TabBarController;
			sourceTree = "<group>";
		};
		4FC52AC82BDFFB5C0052B4CF /* Models */ = {
			isa = PBXGroup;
			children = (
				4FC52AC92BDFFB700052B4CF /* Tracker.swift */,
				4FC52ACB2BDFFCF50052B4CF /* TrackerCategory.swift */,
				4FC52ACD2BDFFDAF0052B4CF /* TrackerRecord.swift */,
				4FC52AE52BE504020052B4CF /* WeekDay.swift */,
			);
			path = Models;
			sourceTree = "<group>";
		};
		4FC52AD32BE02F1E0052B4CF /* TrackerCreation */ = {
			isa = PBXGroup;
			children = (
				4FC52ACF2BE005750052B4CF /* TrackerCreationViewController.swift */,
				4FC52AD12BE026730052B4CF /* TrackerCreationSetupViewController.swift */,
				4F26E0972BF8CCB700062FE0 /* EmojiAndColorCellView.swift */,
				4F26E0992BF8CCDC00062FE0 /* EmojiAndColorHeaderView.swift */,
				4F3C6BCE2C00EB220026CA64 /* TrackerCategory */,
				4F3C6BCD2C00EB0A0026CA64 /* TrackerSchedule */,
			);
			path = TrackerCreation;
			sourceTree = "<group>";
		};
/* End PBXGroup section */

/* Begin PBXNativeTarget section */
		4FB8972F2BBF276800D65F2E /* Tracker */ = {
			isa = PBXNativeTarget;
			buildConfigurationList = 4FB897442BBF276900D65F2E /* Build configuration list for PBXNativeTarget "Tracker" */;
			buildPhases = (
				4FB8972C2BBF276800D65F2E /* Sources */,
				4FB8972D2BBF276800D65F2E /* Frameworks */,
				4FB8972E2BBF276800D65F2E /* Resources */,
			);
			buildRules = (
			);
			dependencies = (
			);
			name = Tracker;
			productName = Tracker;
			productReference = 4FB897302BBF276800D65F2E /* Tracker.app */;
			productType = "com.apple.product-type.application";
		};
/* End PBXNativeTarget section */

/* Begin PBXProject section */
		4FB897282BBF276800D65F2E /* Project object */ = {
			isa = PBXProject;
			attributes = {
				BuildIndependentTargetsInParallel = 1;
				LastSwiftUpdateCheck = 1530;
				LastUpgradeCheck = 1530;
				TargetAttributes = {
					4FB8972F2BBF276800D65F2E = {
						CreatedOnToolsVersion = 15.3;
					};
				};
			};
			buildConfigurationList = 4FB8972B2BBF276800D65F2E /* Build configuration list for PBXProject "Tracker" */;
			compatibilityVersion = "Xcode 14.0";
			developmentRegion = en;
			hasScannedForEncodings = 0;
			knownRegions = (
				en,
				Base,
			);
			mainGroup = 4FB897272BBF276800D65F2E;
			productRefGroup = 4FB897312BBF276800D65F2E /* Products */;
			projectDirPath = "";
			projectRoot = "";
			targets = (
				4FB8972F2BBF276800D65F2E /* Tracker */,
			);
		};
/* End PBXProject section */

/* Begin PBXResourcesBuildPhase section */
		4FB8972E2BBF276800D65F2E /* Resources */ = {
			isa = PBXResourcesBuildPhase;
			buildActionMask = 2147483647;
			files = (
				4FB8973D2BBF276900D65F2E /* Assets.xcassets in Resources */,
				4FB897402BBF276900D65F2E /* Base in Resources */,
			);
			runOnlyForDeploymentPostprocessing = 0;
		};
/* End PBXResourcesBuildPhase section */

/* Begin PBXSourcesBuildPhase section */
		4FB8972C2BBF276800D65F2E /* Sources */ = {
			isa = PBXSourcesBuildPhase;
			buildActionMask = 2147483647;
			files = (
				4FC52AE62BE504020052B4CF /* WeekDay.swift in Sources */,
				4FC52ACA2BDFFB700052B4CF /* Tracker.swift in Sources */,
				4FC52ACE2BDFFDAF0052B4CF /* TrackerRecord.swift in Sources */,
				4F26E0A62BF8F9BF00062FE0 /* TrackerRecordStore.swift in Sources */,
				4FC52AE02BE2668A0052B4CF /* TrackerCategoryChoiceAndCreationViewController.swift in Sources */,
				4FB897382BBF276800D65F2E /* TrackersViewController.swift in Sources */,
				4F26E0AC2BFBD47800062FE0 /* DaysValueTransformer.swift in Sources */,
				4FB897342BBF276800D65F2E /* AppDelegate.swift in Sources */,
				4FB897362BBF276800D65F2E /* SceneDelegate.swift in Sources */,
				4FC52AE22BE26A730052B4CF /* ViewConfigurationConstants.swift in Sources */,
				4F3C6BD32C0287260026CA64 /* UserDefaultsStorage.swift in Sources */,
				4FC52AD72BE045D30052B4CF /* TrackerHeaderView.swift in Sources */,
				4F26E0A82BFB9B1F00062FE0 /* UIColorMarshalling.swift in Sources */,
				4F26E09D2BF8EFD100062FE0 /* TrackerModel.xcdatamodeld in Sources */,
				4FC52AE42BE26E8A0052B4CF /* TrackerScheduleViewController.swift in Sources */,
				4F26E0A02BF8F61100062FE0 /* NSPersistentContainer.swift in Sources */,
				4FB8974D2BBF38BD00D65F2E /* TabBarController.swift in Sources */,
				4F3C6BCC2C00EA520026CA64 /* TrackerCategoryCreationViewController.swift in Sources */,
				4FC52AD52BE044C00052B4CF /* TrackerCellView.swift in Sources */,
				4F3C6BD02C00EB8F0026CA64 /* CategoryViewModel.swift in Sources */,
				4F26E0A42BF8F9AD00062FE0 /* TrackerCategoryStore.swift in Sources */,
				4F26E0A22BF8F99400062FE0 /* TrackerStore.swift in Sources */,
				4FC52AD22BE026730052B4CF /* TrackerCreationSetupViewController.swift in Sources */,
				4F26E0982BF8CCB700062FE0 /* EmojiAndColorCellView.swift in Sources */,
				4FC52AD02BE005750052B4CF /* TrackerCreationViewController.swift in Sources */,
				4F26E09A2BF8CCDC00062FE0 /* EmojiAndColorHeaderView.swift in Sources */,
				4F3C6BC72C00783B0026CA64 /* OnboardingViewController.swift in Sources */,
				4FB8974B2BBF383F00D65F2E /* StatisticViewController.swift in Sources */,
				4F3C6BC92C007F010026CA64 /* OnboardingPageViewController.swift in Sources */,
				4FC52ACC2BDFFCF50052B4CF /* TrackerCategory.swift in Sources */,
			);
			runOnlyForDeploymentPostprocessing = 0;
		};
/* End PBXSourcesBuildPhase section */

/* Begin PBXVariantGroup section */
		4FB8973E2BBF276900D65F2E /* LaunchScreen.storyboard */ = {
			isa = PBXVariantGroup;
			children = (
				4FB8973F2BBF276900D65F2E /* Base */,
			);
			name = LaunchScreen.storyboard;
			sourceTree = "<group>";
		};
/* End PBXVariantGroup section */

/* Begin XCBuildConfiguration section */
		4FB897422BBF276900D65F2E /* Debug */ = {
			isa = XCBuildConfiguration;
			buildSettings = {
				ALWAYS_SEARCH_USER_PATHS = NO;
				ASSETCATALOG_COMPILER_GENERATE_SWIFT_ASSET_SYMBOL_EXTENSIONS = YES;
				CLANG_ANALYZER_NONNULL = YES;
				CLANG_ANALYZER_NUMBER_OBJECT_CONVERSION = YES_AGGRESSIVE;
				CLANG_CXX_LANGUAGE_STANDARD = "gnu++20";
				CLANG_ENABLE_MODULES = YES;
				CLANG_ENABLE_OBJC_ARC = YES;
				CLANG_ENABLE_OBJC_WEAK = YES;
				CLANG_WARN_BLOCK_CAPTURE_AUTORELEASING = YES;
				CLANG_WARN_BOOL_CONVERSION = YES;
				CLANG_WARN_COMMA = YES;
				CLANG_WARN_CONSTANT_CONVERSION = YES;
				CLANG_WARN_DEPRECATED_OBJC_IMPLEMENTATIONS = YES;
				CLANG_WARN_DIRECT_OBJC_ISA_USAGE = YES_ERROR;
				CLANG_WARN_DOCUMENTATION_COMMENTS = YES;
				CLANG_WARN_EMPTY_BODY = YES;
				CLANG_WARN_ENUM_CONVERSION = YES;
				CLANG_WARN_INFINITE_RECURSION = YES;
				CLANG_WARN_INT_CONVERSION = YES;
				CLANG_WARN_NON_LITERAL_NULL_CONVERSION = YES;
				CLANG_WARN_OBJC_IMPLICIT_RETAIN_SELF = YES;
				CLANG_WARN_OBJC_LITERAL_CONVERSION = YES;
				CLANG_WARN_OBJC_ROOT_CLASS = YES_ERROR;
				CLANG_WARN_QUOTED_INCLUDE_IN_FRAMEWORK_HEADER = YES;
				CLANG_WARN_RANGE_LOOP_ANALYSIS = YES;
				CLANG_WARN_STRICT_PROTOTYPES = YES;
				CLANG_WARN_SUSPICIOUS_MOVE = YES;
				CLANG_WARN_UNGUARDED_AVAILABILITY = YES_AGGRESSIVE;
				CLANG_WARN_UNREACHABLE_CODE = YES;
				CLANG_WARN__DUPLICATE_METHOD_MATCH = YES;
				COPY_PHASE_STRIP = NO;
				DEBUG_INFORMATION_FORMAT = dwarf;
				ENABLE_STRICT_OBJC_MSGSEND = YES;
				ENABLE_TESTABILITY = YES;
				ENABLE_USER_SCRIPT_SANDBOXING = YES;
				GCC_C_LANGUAGE_STANDARD = gnu17;
				GCC_DYNAMIC_NO_PIC = NO;
				GCC_NO_COMMON_BLOCKS = YES;
				GCC_OPTIMIZATION_LEVEL = 0;
				GCC_PREPROCESSOR_DEFINITIONS = (
					"DEBUG=1",
					"$(inherited)",
				);
				GCC_WARN_64_TO_32_BIT_CONVERSION = YES;
				GCC_WARN_ABOUT_RETURN_TYPE = YES_ERROR;
				GCC_WARN_UNDECLARED_SELECTOR = YES;
				GCC_WARN_UNINITIALIZED_AUTOS = YES_AGGRESSIVE;
				GCC_WARN_UNUSED_FUNCTION = YES;
				GCC_WARN_UNUSED_VARIABLE = YES;
				IPHONEOS_DEPLOYMENT_TARGET = 13.4;
				LOCALIZATION_PREFERS_STRING_CATALOGS = YES;
				MTL_ENABLE_DEBUG_INFO = INCLUDE_SOURCE;
				MTL_FAST_MATH = YES;
				ONLY_ACTIVE_ARCH = YES;
				SDKROOT = iphoneos;
				SWIFT_ACTIVE_COMPILATION_CONDITIONS = "DEBUG $(inherited)";
				SWIFT_OPTIMIZATION_LEVEL = "-Onone";
			};
			name = Debug;
		};
		4FB897432BBF276900D65F2E /* Release */ = {
			isa = XCBuildConfiguration;
			buildSettings = {
				ALWAYS_SEARCH_USER_PATHS = NO;
				ASSETCATALOG_COMPILER_GENERATE_SWIFT_ASSET_SYMBOL_EXTENSIONS = YES;
				CLANG_ANALYZER_NONNULL = YES;
				CLANG_ANALYZER_NUMBER_OBJECT_CONVERSION = YES_AGGRESSIVE;
				CLANG_CXX_LANGUAGE_STANDARD = "gnu++20";
				CLANG_ENABLE_MODULES = YES;
				CLANG_ENABLE_OBJC_ARC = YES;
				CLANG_ENABLE_OBJC_WEAK = YES;
				CLANG_WARN_BLOCK_CAPTURE_AUTORELEASING = YES;
				CLANG_WARN_BOOL_CONVERSION = YES;
				CLANG_WARN_COMMA = YES;
				CLANG_WARN_CONSTANT_CONVERSION = YES;
				CLANG_WARN_DEPRECATED_OBJC_IMPLEMENTATIONS = YES;
				CLANG_WARN_DIRECT_OBJC_ISA_USAGE = YES_ERROR;
				CLANG_WARN_DOCUMENTATION_COMMENTS = YES;
				CLANG_WARN_EMPTY_BODY = YES;
				CLANG_WARN_ENUM_CONVERSION = YES;
				CLANG_WARN_INFINITE_RECURSION = YES;
				CLANG_WARN_INT_CONVERSION = YES;
				CLANG_WARN_NON_LITERAL_NULL_CONVERSION = YES;
				CLANG_WARN_OBJC_IMPLICIT_RETAIN_SELF = YES;
				CLANG_WARN_OBJC_LITERAL_CONVERSION = YES;
				CLANG_WARN_OBJC_ROOT_CLASS = YES_ERROR;
				CLANG_WARN_QUOTED_INCLUDE_IN_FRAMEWORK_HEADER = YES;
				CLANG_WARN_RANGE_LOOP_ANALYSIS = YES;
				CLANG_WARN_STRICT_PROTOTYPES = YES;
				CLANG_WARN_SUSPICIOUS_MOVE = YES;
				CLANG_WARN_UNGUARDED_AVAILABILITY = YES_AGGRESSIVE;
				CLANG_WARN_UNREACHABLE_CODE = YES;
				CLANG_WARN__DUPLICATE_METHOD_MATCH = YES;
				COPY_PHASE_STRIP = NO;
				DEBUG_INFORMATION_FORMAT = "dwarf-with-dsym";
				ENABLE_NS_ASSERTIONS = NO;
				ENABLE_STRICT_OBJC_MSGSEND = YES;
				ENABLE_USER_SCRIPT_SANDBOXING = YES;
				GCC_C_LANGUAGE_STANDARD = gnu17;
				GCC_NO_COMMON_BLOCKS = YES;
				GCC_WARN_64_TO_32_BIT_CONVERSION = YES;
				GCC_WARN_ABOUT_RETURN_TYPE = YES_ERROR;
				GCC_WARN_UNDECLARED_SELECTOR = YES;
				GCC_WARN_UNINITIALIZED_AUTOS = YES_AGGRESSIVE;
				GCC_WARN_UNUSED_FUNCTION = YES;
				GCC_WARN_UNUSED_VARIABLE = YES;
				IPHONEOS_DEPLOYMENT_TARGET = 13.4;
				LOCALIZATION_PREFERS_STRING_CATALOGS = YES;
				MTL_ENABLE_DEBUG_INFO = NO;
				MTL_FAST_MATH = YES;
				SDKROOT = iphoneos;
				SWIFT_COMPILATION_MODE = wholemodule;
				VALIDATE_PRODUCT = YES;
			};
			name = Release;
		};
		4FB897452BBF276900D65F2E /* Debug */ = {
			isa = XCBuildConfiguration;
			buildSettings = {
				ASSETCATALOG_COMPILER_APPICON_NAME = AppIcon;
				ASSETCATALOG_COMPILER_GLOBAL_ACCENT_COLOR_NAME = AccentColor;
				CODE_SIGN_STYLE = Automatic;
				CURRENT_PROJECT_VERSION = 1;
				DEVELOPMENT_TEAM = V23KSJXM55;
				GENERATE_INFOPLIST_FILE = YES;
				INFOPLIST_FILE = Tracker/Info.plist;
				INFOPLIST_KEY_LSApplicationCategoryType = "public.app-category.lifestyle";
				INFOPLIST_KEY_UIApplicationSupportsIndirectInputEvents = YES;
				INFOPLIST_KEY_UILaunchStoryboardName = LaunchScreen;
				INFOPLIST_KEY_UIStatusBarStyle = "";
				INFOPLIST_KEY_UISupportedInterfaceOrientations = UIInterfaceOrientationPortrait;
				INFOPLIST_KEY_UISupportedInterfaceOrientations_iPad = "UIInterfaceOrientationLandscapeLeft UIInterfaceOrientationLandscapeRight UIInterfaceOrientationPortrait UIInterfaceOrientationPortraitUpsideDown";
				IPHONEOS_DEPLOYMENT_TARGET = 13.4;
				LD_RUNPATH_SEARCH_PATHS = (
					"$(inherited)",
					"@executable_path/Frameworks",
				);
				MARKETING_VERSION = 1.0;
				PRODUCT_BUNDLE_IDENTIFIER = ru.yandex.practicum.Tracker;
				PRODUCT_NAME = "$(TARGET_NAME)";
				SUPPORTED_PLATFORMS = "iphoneos iphonesimulator";
				SUPPORTS_MACCATALYST = NO;
				SUPPORTS_MAC_DESIGNED_FOR_IPHONE_IPAD = NO;
				SUPPORTS_XR_DESIGNED_FOR_IPHONE_IPAD = NO;
				SWIFT_EMIT_LOC_STRINGS = YES;
				SWIFT_VERSION = 5.0;
				TARGETED_DEVICE_FAMILY = 1;
			};
			name = Debug;
		};
		4FB897462BBF276900D65F2E /* Release */ = {
			isa = XCBuildConfiguration;
			buildSettings = {
				ASSETCATALOG_COMPILER_APPICON_NAME = AppIcon;
				ASSETCATALOG_COMPILER_GLOBAL_ACCENT_COLOR_NAME = AccentColor;
				CODE_SIGN_STYLE = Automatic;
				CURRENT_PROJECT_VERSION = 1;
				DEVELOPMENT_TEAM = V23KSJXM55;
				GENERATE_INFOPLIST_FILE = YES;
				INFOPLIST_FILE = Tracker/Info.plist;
				INFOPLIST_KEY_LSApplicationCategoryType = "public.app-category.lifestyle";
				INFOPLIST_KEY_UIApplicationSupportsIndirectInputEvents = YES;
				INFOPLIST_KEY_UILaunchStoryboardName = LaunchScreen;
				INFOPLIST_KEY_UIStatusBarStyle = "";
				INFOPLIST_KEY_UISupportedInterfaceOrientations = UIInterfaceOrientationPortrait;
				INFOPLIST_KEY_UISupportedInterfaceOrientations_iPad = "UIInterfaceOrientationLandscapeLeft UIInterfaceOrientationLandscapeRight UIInterfaceOrientationPortrait UIInterfaceOrientationPortraitUpsideDown";
				IPHONEOS_DEPLOYMENT_TARGET = 13.4;
				LD_RUNPATH_SEARCH_PATHS = (
					"$(inherited)",
					"@executable_path/Frameworks",
				);
				MARKETING_VERSION = 1.0;
				PRODUCT_BUNDLE_IDENTIFIER = ru.yandex.practicum.Tracker;
				PRODUCT_NAME = "$(TARGET_NAME)";
				SUPPORTED_PLATFORMS = "iphoneos iphonesimulator";
				SUPPORTS_MACCATALYST = NO;
				SUPPORTS_MAC_DESIGNED_FOR_IPHONE_IPAD = NO;
				SUPPORTS_XR_DESIGNED_FOR_IPHONE_IPAD = NO;
				SWIFT_EMIT_LOC_STRINGS = YES;
				SWIFT_VERSION = 5.0;
				TARGETED_DEVICE_FAMILY = 1;
			};
			name = Release;
		};
/* End XCBuildConfiguration section */

/* Begin XCConfigurationList section */
		4FB8972B2BBF276800D65F2E /* Build configuration list for PBXProject "Tracker" */ = {
			isa = XCConfigurationList;
			buildConfigurations = (
				4FB897422BBF276900D65F2E /* Debug */,
				4FB897432BBF276900D65F2E /* Release */,
			);
			defaultConfigurationIsVisible = 0;
			defaultConfigurationName = Release;
		};
		4FB897442BBF276900D65F2E /* Build configuration list for PBXNativeTarget "Tracker" */ = {
			isa = XCConfigurationList;
			buildConfigurations = (
				4FB897452BBF276900D65F2E /* Debug */,
				4FB897462BBF276900D65F2E /* Release */,
			);
			defaultConfigurationIsVisible = 0;
			defaultConfigurationName = Release;
		};
/* End XCConfigurationList section */

/* Begin XCVersionGroup section */
		4F26E09B2BF8EFD100062FE0 /* TrackerModel.xcdatamodeld */ = {
			isa = XCVersionGroup;
			children = (
				4F26E09C2BF8EFD100062FE0 /* TrackerModel.xcdatamodel */,
			);
			currentVersion = 4F26E09C2BF8EFD100062FE0 /* TrackerModel.xcdatamodel */;
			path = TrackerModel.xcdatamodeld;
			sourceTree = "<group>";
			versionGroupType = wrapper.xcdatamodel;
		};
/* End XCVersionGroup section */
	};
	rootObject = 4FB897282BBF276800D65F2E /* Project object */;
}
